{
    "_readme": [
        "This file locks the dependencies of your project to a known state",
        "Read more about it at https://getcomposer.org/doc/01-basic-usage.md#composer-lock-the-lock-file",
        "This file is @generated automatically"
    ],
    "hash": "080fae5efcb75f4d737c4b105ce2c1c1",
    "content-hash": "74cd423b659a62f82ae35edcf36bcdae",
    "packages": [
        {
            "name": "nette/component-model",
            "version": "v2.3.0",
            "source": {
                "type": "git",
                "url": "https://github.com/nette/component-model.git",
                "reference": "9b5817b246bf409b8f0f8309c23e599dd8729d28"
            },
            "dist": {
                "type": "zip",
                "url": "https://api.github.com/repos/nette/component-model/zipball/9b5817b246bf409b8f0f8309c23e599dd8729d28",
                "reference": "9b5817b246bf409b8f0f8309c23e599dd8729d28",
                "shasum": ""
            },
            "require": {
                "nette/utils": "^2.4",
                "php": ">=5.6.0"
            },
            "conflict": {
                "nette/application": "<2.4",
                "nette/nette": "<2.2"
            },
            "require-dev": {
                "nette/tester": "~2.0",
                "tracy/tracy": "^2.3"
            },
            "type": "library",
            "extra": {
                "branch-alias": {
                    "dev-master": "2.3-dev"
                }
            },
            "autoload": {
                "classmap": [
                    "src/"
                ]
            },
            "notification-url": "https://packagist.org/downloads/",
            "license": [
                "BSD-3-Clause",
                "GPL-2.0",
                "GPL-3.0"
            ],
            "authors": [
                {
                    "name": "David Grudl",
                    "homepage": "https://davidgrudl.com"
                },
                {
                    "name": "Nette Community",
                    "homepage": "https://nette.org/contributors"
                }
            ],
            "description": "Nette Component Model",
            "homepage": "https://nette.org",
            "time": "2016-06-17 17:36:56"
        },
        {
            "name": "nette/di",
            "version": "v2.4.2",
            "source": {
                "type": "git",
                "url": "https://github.com/nette/di.git",
                "reference": "e3ae78a0f6cf921968e3298f57a7628d27feef72"
            },
            "dist": {
                "type": "zip",
                "url": "https://api.github.com/repos/nette/di/zipball/e3ae78a0f6cf921968e3298f57a7628d27feef72",
                "reference": "e3ae78a0f6cf921968e3298f57a7628d27feef72",
                "shasum": ""
            },
            "require": {
                "ext-tokenizer": "*",
                "nette/neon": "^2.3.3",
                "nette/php-generator": "^2.4",
                "nette/utils": "^2.4",
                "php": ">=5.6.0"
            },
            "conflict": {
                "nette/bootstrap": "<2.4",
                "nette/nette": "<2.2"
            },
            "require-dev": {
                "nette/tester": "~2.0",
                "tracy/tracy": "^2.3"
            },
            "type": "library",
            "extra": {
                "branch-alias": {
                    "dev-master": "2.4-dev"
                }
            },
            "autoload": {
                "classmap": [
                    "src/"
                ]
            },
            "notification-url": "https://packagist.org/downloads/",
            "license": [
                "BSD-3-Clause",
                "GPL-2.0",
                "GPL-3.0"
            ],
            "authors": [
                {
                    "name": "David Grudl",
                    "homepage": "https://davidgrudl.com"
                },
                {
                    "name": "Nette Community",
                    "homepage": "https://nette.org/contributors"
                }
            ],
            "description": "Nette Dependency Injection Component",
            "homepage": "https://nette.org",
            "time": "2016-07-30 15:30:12"
        },
        {
            "name": "nette/forms",
            "version": "v2.4.1",
            "source": {
                "type": "git",
                "url": "https://github.com/nette/forms.git",
                "reference": "57295d16f8e90173465735eb6be49a1e3ce614bd"
            },
            "dist": {
                "type": "zip",
                "url": "https://api.github.com/repos/nette/forms/zipball/57295d16f8e90173465735eb6be49a1e3ce614bd",
                "reference": "57295d16f8e90173465735eb6be49a1e3ce614bd",
                "shasum": ""
            },
            "require": {
                "nette/component-model": "~2.3",
                "nette/http": "~2.2",
                "nette/utils": "~2.4",
                "php": ">=5.6.0"
            },
            "conflict": {
                "nette/nette": "<2.2"
            },
            "require-dev": {
                "latte/latte": "~2.4",
                "nette/di": "~2.4",
                "nette/tester": "~2.0",
                "tracy/tracy": "^2.4"
            },
            "type": "library",
            "extra": {
                "branch-alias": {
                    "dev-master": "2.4-dev"
                }
            },
            "autoload": {
                "classmap": [
                    "src/"
                ]
            },
            "notification-url": "https://packagist.org/downloads/",
            "license": [
                "BSD-3-Clause",
                "GPL-2.0",
                "GPL-3.0"
            ],
            "authors": [
                {
                    "name": "David Grudl",
                    "homepage": "https://davidgrudl.com"
                },
                {
                    "name": "Nette Community",
                    "homepage": "https://nette.org/contributors"
                }
            ],
            "description": "Nette Forms: greatly facilitates web forms",
            "homepage": "https://nette.org",
            "time": "2016-07-09 12:02:06"
        },
        {
            "name": "nette/http",
            "version": "v2.4.0",
            "source": {
                "type": "git",
                "url": "https://github.com/nette/http.git",
                "reference": "659e277017006edf12d4fc86bf54a060e56c71ac"
            },
            "dist": {
                "type": "zip",
                "url": "https://api.github.com/repos/nette/http/zipball/659e277017006edf12d4fc86bf54a060e56c71ac",
                "reference": "659e277017006edf12d4fc86bf54a060e56c71ac",
                "shasum": ""
            },
            "require": {
                "nette/utils": "^2.4",
                "php": ">=5.6.0"
            },
            "conflict": {
                "nette/nette": "<2.2"
            },
            "require-dev": {
                "nette/di": "^2.3",
                "nette/tester": "~2.0",
                "tracy/tracy": "^2.3"
            },
            "suggest": {
                "ext-fileinfo": "to detect type of uploaded files"
            },
            "type": "library",
            "extra": {
                "branch-alias": {
                    "dev-master": "2.4-dev"
                }
            },
            "autoload": {
                "classmap": [
                    "src/"
                ]
            },
            "notification-url": "https://packagist.org/downloads/",
            "license": [
                "BSD-3-Clause",
                "GPL-2.0",
                "GPL-3.0"
            ],
            "authors": [
                {
                    "name": "David Grudl",
                    "homepage": "https://davidgrudl.com"
                },
                {
                    "name": "Nette Community",
                    "homepage": "https://nette.org/contributors"
                }
            ],
            "description": "Nette HTTP Component",
            "homepage": "https://nette.org",
            "time": "2016-06-25 09:59:54"
        },
        {
            "name": "nette/neon",
            "version": "v2.4.0",
            "source": {
                "type": "git",
                "url": "https://github.com/nette/neon.git",
                "reference": "c40c63f2afa4196844ac40d9d2a2cfb313f76906"
            },
            "dist": {
                "type": "zip",
                "url": "https://api.github.com/repos/nette/neon/zipball/c40c63f2afa4196844ac40d9d2a2cfb313f76906",
                "reference": "c40c63f2afa4196844ac40d9d2a2cfb313f76906",
                "shasum": ""
            },
            "require": {
                "ext-iconv": "*",
                "php": ">=5.6.0"
            },
            "require-dev": {
                "nette/tester": "~2.0",
                "tracy/tracy": "^2.3"
            },
            "type": "library",
            "extra": {
                "branch-alias": {
                    "dev-master": "2.4-dev"
                }
            },
            "autoload": {
                "classmap": [
                    "src/"
                ]
            },
            "notification-url": "https://packagist.org/downloads/",
            "license": [
                "BSD-3-Clause",
                "GPL-2.0",
                "GPL-3.0"
            ],
            "authors": [
                {
                    "name": "David Grudl",
                    "homepage": "https://davidgrudl.com"
                },
                {
                    "name": "Nette Community",
                    "homepage": "https://nette.org/contributors"
                }
            ],
            "description": "Nette NEON: parser & generator for Nette Object Notation",
            "homepage": "http://ne-on.org",
            "time": "2016-06-25 13:59:48"
        },
        {
            "name": "nette/php-generator",
            "version": "v2.4.1",
            "source": {
                "type": "git",
                "url": "https://github.com/nette/php-generator.git",
                "reference": "e9f4429f5ac526661634242198a1ff394fa5440a"
            },
            "dist": {
                "type": "zip",
                "url": "https://api.github.com/repos/nette/php-generator/zipball/e9f4429f5ac526661634242198a1ff394fa5440a",
                "reference": "e9f4429f5ac526661634242198a1ff394fa5440a",
                "shasum": ""
            },
            "require": {
                "nette/utils": "~2.4",
                "php": ">=5.6.0"
            },
            "conflict": {
                "nette/nette": "<2.2"
            },
            "require-dev": {
                "nette/tester": "~2.0",
                "tracy/tracy": "^2.3"
            },
            "type": "library",
            "extra": {
                "branch-alias": {
                    "dev-master": "2.4-dev"
                }
            },
            "autoload": {
                "classmap": [
                    "src/"
                ]
            },
            "notification-url": "https://packagist.org/downloads/",
            "license": [
                "BSD-3-Clause",
                "GPL-2.0",
                "GPL-3.0"
            ],
            "authors": [
                {
                    "name": "David Grudl",
                    "homepage": "https://davidgrudl.com"
                },
                {
                    "name": "Nette Community",
                    "homepage": "https://nette.org/contributors"
                }
            ],
            "description": "Nette PHP Generator",
            "homepage": "https://nette.org",
            "time": "2016-07-31 13:50:37"
        },
        {
            "name": "nette/utils",
            "version": "v2.4.0",
            "source": {
                "type": "git",
                "url": "https://github.com/nette/utils.git",
                "reference": "c455ade9f24a1f99aa81772516764045296b8ca0"
            },
            "dist": {
                "type": "zip",
                "url": "https://api.github.com/repos/nette/utils/zipball/c455ade9f24a1f99aa81772516764045296b8ca0",
                "reference": "c455ade9f24a1f99aa81772516764045296b8ca0",
                "shasum": ""
            },
            "require": {
                "php": ">=5.6.0"
            },
            "conflict": {
                "nette/nette": "<2.2"
            },
            "require-dev": {
                "nette/tester": "~2.0",
                "tracy/tracy": "^2.3"
            },
            "suggest": {
                "ext-gd": "to use Image",
                "ext-iconv": "to use Strings::webalize() and toAscii()",
                "ext-intl": "for script transliteration in Strings::webalize() and toAscii()",
                "ext-mbstring": "to use Strings::lower() etc..."
            },
            "type": "library",
            "extra": {
                "branch-alias": {
                    "dev-master": "2.4-dev"
                }
            },
            "autoload": {
                "classmap": [
                    "src/"
                ]
            },
            "notification-url": "https://packagist.org/downloads/",
            "license": [
                "BSD-3-Clause",
                "GPL-2.0",
                "GPL-3.0"
            ],
            "authors": [
                {
                    "name": "David Grudl",
                    "homepage": "https://davidgrudl.com"
                },
                {
                    "name": "Nette Community",
                    "homepage": "https://nette.org/contributors"
                }
            ],
            "description": "Nette Utility Classes",
            "homepage": "https://nette.org",
            "time": "2016-06-17 13:15:10"
        },
        {
            "name": "uestla/recaptcha-control",
            "version": "4.0.3",
            "source": {
                "type": "git",
                "url": "https://github.com/uestla/ReCaptchaControl.git",
                "reference": "77ee0b182b8b0c9cf6d3dfb4a5e7c1b260231b00"
            },
            "dist": {
                "type": "zip",
                "url": "https://api.github.com/repos/uestla/ReCaptchaControl/zipball/77ee0b182b8b0c9cf6d3dfb4a5e7c1b260231b00",
                "reference": "77ee0b182b8b0c9cf6d3dfb4a5e7c1b260231b00",
                "shasum": ""
            },
            "require": {
                "ext-curl": "*",
                "nette/di": "^2.4",
                "nette/forms": "^2.4",
                "nette/http": "^2.4",
                "nette/php-generator": "^2.4",
                "nette/utils": "^2.4",
                "php": ">=5.6.0"
            },
            "require-dev": {
                "tracy/tracy": "^2.4"
            },
            "type": "library",
            "autoload": {
                "psr-0": {
                    "ReCaptchaControl": "src/"
                }
            },
            "notification-url": "https://packagist.org/downloads/",
            "license": [
                "MIT"
            ],
            "description": "reCAPTCHA control for Nette Framework forms",
            "homepage": "https://github.com/uestla/ReCaptchaControl",
            "keywords": [
                "Forms",
                "nette",
                "recaptcha"
            ],
            "time": "2016-09-01 11:10:46"
        }
    ],
    "packages-dev": [],
    "aliases": [],
    "minimum-stability": "stable",
    "stability-flags": [],
    "prefer-stable": false,
    "prefer-lowest": false,
    "platform": [],
    "platform-dev": []
}
